# ---------------------------------------------------------------------------
# GENERATED FILE - do not edit.
#
# Variant : s_cyclone_iv_v4 - WillFA7S HW1.0 with sound board, Cyclone IV (EP4CE10E22C8)
# Made by : scripts\gen_qsf.ps1
# Sources : scripts\common_header.tcl, device.tcl, pins.tcl,
#           scripts\files_common.tcl + files_<family>.tcl + files_<option>.tcl
#
# Change device.tcl / pins.tcl / variant.psd1 or the file lists, then rerun
# gen_qsf.ps1. Editing this file directly is lost on the next run.
# ---------------------------------------------------------------------------

# --- board -----------------------------------------------------------------
set_global_assignment -name TOP_LEVEL_ENTITY WillFA7
set_global_assignment -name FAMILY "Cyclone IV E"
set_global_assignment -name DEVICE EP4CE10E22C8
set_global_assignment -name LAST_QUARTUS_VERSION "22.1std.2 Lite Edition"
set_global_assignment -name NUM_PARALLEL_PROCESSORS ALL
set_global_assignment -name EDA_SIMULATION_TOOL "<None>"
set_global_assignment -name EDA_OUTPUT_DATA_FORMAT NONE -section_id eda_simulation
set_instance_assignment -name WEAK_PULL_UP_RESISTOR ON -to reset_sw
set_instance_assignment -name WEAK_PULL_UP_RESISTOR ON -to SB_Test
set_global_assignment -name EDA_GENERATE_FUNCTIONAL_NETLIST OFF -section_id eda_board_design_timing
set_global_assignment -name EDA_GENERATE_FUNCTIONAL_NETLIST OFF -section_id eda_board_design_symbol
set_global_assignment -name EDA_GENERATE_FUNCTIONAL_NETLIST OFF -section_id eda_board_design_signal_integrity
set_global_assignment -name EDA_GENERATE_FUNCTIONAL_NETLIST OFF -section_id eda_board_design_boundary_scan

# --- shared globals --------------------------------------------------------
set_global_assignment -name ORIGINAL_QUARTUS_VERSION "13.0 SP1"
set_global_assignment -name PROJECT_CREATION_TIME_DATE "17:48:15  NOVEMBER 29, 2022"
set_global_assignment -name PROJECT_OUTPUT_DIRECTORY output_files
set_global_assignment -name MIN_CORE_JUNCTION_TEMP 0
set_global_assignment -name MAX_CORE_JUNCTION_TEMP 85
set_global_assignment -name ERROR_CHECK_FREQUENCY_DIVISOR 1
set_global_assignment -name POWER_PRESET_COOLING_SOLUTION "23 MM HEAT SINK WITH 200 LFPM AIRFLOW"
set_global_assignment -name POWER_BOARD_THERMAL_MODEL "NONE (CONSERVATIVE)"
set_global_assignment -name PARTITION_NETLIST_TYPE SOURCE -section_id Top
set_global_assignment -name PARTITION_FITTER_PRESERVATION_LEVEL PLACEMENT_AND_ROUTING -section_id Top
set_global_assignment -name PARTITION_COLOR 16764057 -section_id Top
set_global_assignment -name STRATIX_DEVICE_IO_STANDARD "3.3-V LVTTL"
set_global_assignment -name USE_CONFIGURATION_DEVICE ON
set_global_assignment -name RESERVE_ALL_UNUSED_PINS "AS INPUT TRI-STATED WITH WEAK PULL-UP"
set_global_assignment -name CYCLONEII_RESERVE_NCEO_AFTER_CONFIGURATION "USE AS REGULAR IO"
set_global_assignment -name RESERVE_ASDO_AFTER_CONFIGURATION "USE AS REGULAR IO"
set_global_assignment -name SYNTH_TIMING_DRIVEN_SYNTHESIS OFF
set_global_assignment -name AUTO_RAM_RECOGNITION ON
set_instance_assignment -name WEAK_PULL_UP_RESISTOR ON -to Diag_SW
set_instance_assignment -name WEAK_PULL_UP_RESISTOR ON -to Enter_SW

# --- optional top level ports this board does not have ---------------------
# They stay in the port list so all variants share one top level. VIRTUAL_PIN
# keeps Quartus from placing and driving them on a real pin.
set_instance_assignment -name VIRTUAL_PIN ON -to LED_debug
set_instance_assignment -name VIRTUAL_PIN ON -to USB_Tx
set_instance_assignment -name VIRTUAL_PIN ON -to USB_Rx
set_instance_assignment -name VIRTUAL_PIN ON -to debug
set_instance_assignment -name VIRTUAL_PIN ON -to DIP_Str_1
set_instance_assignment -name VIRTUAL_PIN ON -to DIP_Str_2
set_instance_assignment -name VIRTUAL_PIN ON -to DIP_Str_3
set_instance_assignment -name VIRTUAL_PIN ON -to DIP_Str_4

# --- pins ------------------------------------------------------------------
set_location_assignment PIN_23 -to clk_50
set_location_assignment PIN_43 -to CS_EEprom
set_location_assignment PIN_7 -to CS_SDcard
set_location_assignment PIN_115 -to disp_bcd[7]
set_location_assignment PIN_119 -to disp_bcd[6]
set_location_assignment PIN_120 -to disp_bcd[5]
set_location_assignment PIN_121 -to disp_bcd[4]
set_location_assignment PIN_124 -to disp_bcd[3]
set_location_assignment PIN_125 -to disp_bcd[2]
set_location_assignment PIN_126 -to disp_bcd[1]
set_location_assignment PIN_127 -to disp_bcd[0]
set_location_assignment PIN_133 -to disp_strobe[3]
set_location_assignment PIN_132 -to disp_strobe[2]
set_location_assignment PIN_129 -to disp_strobe[1]
set_location_assignment PIN_128 -to disp_strobe[0]
set_location_assignment PIN_72 -to lamp_row_sel
set_location_assignment PIN_71 -to lamp_strobe_sel
set_location_assignment PIN_136 -to lamps[7]
set_location_assignment PIN_137 -to lamps[6]
set_location_assignment PIN_143 -to lamps[5]
set_location_assignment PIN_73 -to lamps[4]
set_location_assignment PIN_74 -to lamps[3]
set_location_assignment PIN_138 -to lamps[2]
set_location_assignment PIN_141 -to lamps[1]
set_location_assignment PIN_135 -to lamps[0]
set_location_assignment PIN_2 -to MISO
set_location_assignment PIN_31 -to MOSI
set_location_assignment PIN_99 -to sol_1_8_sel
set_location_assignment PIN_100 -to sol_9_16_sel
set_location_assignment PIN_98 -to sol_spec_sel
set_location_assignment PIN_111 -to solenoids[7]
set_location_assignment PIN_110 -to solenoids[6]
set_location_assignment PIN_104 -to solenoids[5]
set_location_assignment PIN_101 -to solenoids[4]
set_location_assignment PIN_103 -to solenoids[3]
set_location_assignment PIN_105 -to solenoids[2]
set_location_assignment PIN_106 -to solenoids[1]
set_location_assignment PIN_112 -to solenoids[0]
set_location_assignment PIN_30 -to SPI_CLK
set_location_assignment PIN_60 -to sw_return[7]
set_location_assignment PIN_64 -to sw_return[6]
set_location_assignment PIN_65 -to sw_return[5]
set_location_assignment PIN_66 -to sw_return[4]
set_location_assignment PIN_67 -to sw_return[3]
set_location_assignment PIN_68 -to sw_return[2]
set_location_assignment PIN_69 -to sw_return[1]
set_location_assignment PIN_70 -to sw_return[0]
set_location_assignment PIN_44 -to sw_strobe[7]
set_location_assignment PIN_49 -to sw_strobe[6]
set_location_assignment PIN_46 -to sw_strobe[5]
set_location_assignment PIN_51 -to sw_strobe[4]
set_location_assignment PIN_50 -to sw_strobe[3]
set_location_assignment PIN_53 -to sw_strobe[2]
set_location_assignment PIN_52 -to sw_strobe[1]
set_location_assignment PIN_54 -to sw_strobe[0]
set_location_assignment PIN_24 -to Dip_Ret_3
set_location_assignment PIN_25 -to Dip_Ret_2
set_location_assignment PIN_28 -to Dip_Ret_1
set_location_assignment PIN_55 -to Mem_prot
set_location_assignment PIN_58 -to Advance
set_location_assignment PIN_59 -to up_down
set_location_assignment PIN_88 -to SPC_Sol_Trig[2]
set_location_assignment PIN_89 -to SPC_Sol_Trig[3]
set_location_assignment PIN_90 -to SPC_Sol_Trig[4]
set_location_assignment PIN_91 -to SPC_Sol_Trig[1]
set_location_assignment PIN_113 -to SPC_Sol_Trig[5]
set_location_assignment PIN_114 -to SPC_Sol_Trig[6]
set_location_assignment PIN_144 -to reset_sw
set_location_assignment PIN_3 -to LED_active
set_location_assignment PIN_1 -to LED_SD_Error
set_location_assignment PIN_10 -to LED_status
set_location_assignment PIN_77 -to Diag_SW
set_location_assignment PIN_76 -to Enter_SW
set_location_assignment PIN_142 -to sound_com_sel
set_location_assignment PIN_87 -to W_PA_DIP[0]
set_location_assignment PIN_80 -to W_PA_DIP[1]
set_location_assignment PIN_83 -to W_PA_DIP[2]
set_location_assignment PIN_86 -to W_PA_DIP[3]
set_location_assignment PIN_39 -to SB_Speech
set_location_assignment PIN_34 -to SB_Sound
set_location_assignment PIN_11 -to Dip_Ret_4
set_location_assignment PIN_42 -to SB_Test

# --- sources ---------------------------------------------------------------
set_global_assignment -name VHDL_FILE variant_pkg.vhd
set_global_assignment -name VHDL_FILE ../../rtl/common/version_pkg.vhd
set_global_assignment -name VHDL_FILE ../../rtl/common/AM8T28.vhd
set_global_assignment -name VHDL_FILE ../../rtl/common/boot_message.vhd
set_global_assignment -name VHDL_FILE ../../rtl/common/byte_to_decimal.vhd
set_global_assignment -name VHDL_FILE ../../rtl/common/count_to_zero.vhd
set_global_assignment -name VHDL_FILE ../../rtl/common/cpu68.vhd
set_global_assignment -name VHDL_FILE ../../rtl/common/cpu_clk_gen.vhd
set_global_assignment -name VHDL_FILE ../../rtl/common/detect_sw.vhd
set_global_assignment -name VHDL_FILE ../../rtl/common/EEprom.vhd
set_global_assignment -name VHDL_FILE ../../rtl/common/flipflops.vhd
set_global_assignment -name VHDL_FILE ../../rtl/common/irq_generator.vhd
set_global_assignment -name VHDL_FILE ../../rtl/common/one_pulse_only.vhd
set_global_assignment -name VHDL_FILE ../../rtl/common/peak_filter.vhd
set_global_assignment -name VHDL_FILE ../../rtl/common/pia6821.vhd
set_global_assignment -name VHDL_FILE ../../rtl/common/read_the_dips.vhd
set_global_assignment -name VHDL_FILE ../../rtl/common/SD_Card.vhd
set_global_assignment -name VHDL_FILE ../../rtl/common/slow_to_fast_clock.vhd
set_global_assignment -name VHDL_FILE ../../rtl/common/spec_sol_trigger.vhd
set_global_assignment -name VHDL_FILE ../../rtl/common/SPI_Master.vhd
set_global_assignment -name VHDL_FILE ../../rtl/common/sw_debounce.vhd
set_global_assignment -name VHDL_FILE ../../rtl/serial_api/WillFA7_Monitor.vhd
set_global_assignment -name VHDL_FILE ../../rtl/serial_api/uart_tx.vhd
set_global_assignment -name VHDL_FILE ../../rtl/serial_api/uart_rx.vhd
set_global_assignment -name VHDL_FILE ../../rtl/sound/crc16_ccitt.vhd
set_global_assignment -name VHDL_FILE ../../rtl/sound/dac.vhd
set_global_assignment -name VHDL_FILE ../../rtl/sound/hc55564.vhd
set_global_assignment -name VHDL_FILE ../../rtl/sound/MPU_RAM.vhd
set_global_assignment -name VHDL_FILE ../../rtl/sound/read_the_dips_s.vhd
set_global_assignment -name VHDL_FILE ../../rtl/sound/SB_ROM.vhd
set_global_assignment -name VHDL_FILE ../../rtl/sound/slow_to_fast_clock_bus.vhd
set_global_assignment -name VHDL_FILE ../../rtl/sound/soundtest.vhd
set_global_assignment -name VHDL_FILE ../../rtl/sound/WISOF.vhd
set_global_assignment -name VHDL_FILE ../../top/WillFA7.vhd
set_global_assignment -name VHDL_FILE ../../top/WillFA7_cii.vhd
set_global_assignment -name SDC_FILE WillFA7.sdc
set_global_assignment -name QIP_FILE ../../rtl/cyclone_iv/R5101.qip
set_global_assignment -name QIP_FILE ../../rtl/cyclone_iv/ram.qip
set_global_assignment -name QIP_FILE ../../rtl/cyclone_iv/rom_2K.qip
set_global_assignment -name QIP_FILE ../../rtl/cyclone_iv/williams_pll.qip

set_instance_assignment -name PARTITION_HIERARCHY root_partition -to | -section_id Top