# -------------------------------------------------------------------------- #
#
# Copyright (C) 1991-2013 Altera Corporation
# Your use of Altera Corporation's design tools, logic functions 
# and other software and tools, and its AMPP partner logic 
# functions, and any output files from any of the foregoing 
# (including device programming or simulation files), and any 
# associated documentation or information are expressly subject 
# to the terms and conditions of the Altera Program License 
# Subscription Agreement, Altera MegaCore Function License 
# Agreement, or other applicable license agreement, including, 
# without limitation, that your use is for the sole purpose of 
# programming logic devices manufactured by Altera and sold by 
# Altera or its authorized distributors.  Please refer to the 
# applicable agreement for further details.
#
# -------------------------------------------------------------------------- #
#
# Quartus II 64-Bit
# Version 13.0.1 Build 232 06/12/2013 Service Pack 1 SJ Web Edition
# Date created = 17:48:15  November 29, 2022
#
# -------------------------------------------------------------------------- #
#
# Notes:
#
# 1) The default values for assignments are stored in the file:
#		WillFA7_assignment_defaults.qdf
#    If this file doesn't exist, see file:
#		assignment_defaults.qdf
#
# 2) Altera recommends that you do not modify this file. This
#    file is updated automatically by the Quartus II software
#    and any changes you make may be lost or overwritten.
#
# -------------------------------------------------------------------------- #


set_global_assignment -name FAMILY "Cyclone 10 LP"
set_global_assignment -name DEVICE 10CL010YE144C6G
set_global_assignment -name TOP_LEVEL_ENTITY WillFA7
set_global_assignment -name ORIGINAL_QUARTUS_VERSION "13.0 SP1"
set_global_assignment -name PROJECT_CREATION_TIME_DATE "17:48:15  NOVEMBER 29, 2022"
set_global_assignment -name LAST_QUARTUS_VERSION "22.1std.2 Lite Edition"
set_global_assignment -name PROJECT_OUTPUT_DIRECTORY output_files
set_global_assignment -name MIN_CORE_JUNCTION_TEMP 0
set_global_assignment -name MAX_CORE_JUNCTION_TEMP 85
set_global_assignment -name ERROR_CHECK_FREQUENCY_DIVISOR 1
set_global_assignment -name EDA_SIMULATION_TOOL "<None>"
set_global_assignment -name EDA_OUTPUT_DATA_FORMAT NONE -section_id eda_simulation
set_global_assignment -name POWER_PRESET_COOLING_SOLUTION "23 MM HEAT SINK WITH 200 LFPM AIRFLOW"
set_global_assignment -name POWER_BOARD_THERMAL_MODEL "NONE (CONSERVATIVE)"
set_global_assignment -name PARTITION_NETLIST_TYPE SOURCE -section_id Top
set_global_assignment -name PARTITION_FITTER_PRESERVATION_LEVEL PLACEMENT_AND_ROUTING -section_id Top
set_global_assignment -name PARTITION_COLOR 16764057 -section_id Top
set_global_assignment -name STRATIX_DEVICE_IO_STANDARD "3.3-V LVTTL"
set_global_assignment -name USE_CONFIGURATION_DEVICE ON
set_global_assignment -name RESERVE_ALL_UNUSED_PINS "AS INPUT TRI-STATED WITH WEAK PULL-UP"
set_global_assignment -name CYCLONEII_RESERVE_NCEO_AFTER_CONFIGURATION "USE AS REGULAR IO"
set_global_assignment -name RESERVE_ASDO_AFTER_CONFIGURATION "USE AS REGULAR IO"
set_global_assignment -name SYNTH_TIMING_DRIVEN_SYNTHESIS OFF
set_global_assignment -name AUTO_RAM_RECOGNITION ON
set_instance_assignment -name WEAK_PULL_UP_RESISTOR ON -to reset_sw
set_instance_assignment -name WEAK_PULL_UP_RESISTOR ON -to Diag_SW
set_instance_assignment -name WEAK_PULL_UP_RESISTOR ON -to Enter_SW
set_global_assignment -name VHDL_FILE ../../rtl/sound/dac.vhd
set_global_assignment -name VHDL_FILE ../../rtl/sound/hc55564.vhd
set_global_assignment -name QIP_FILE ../../rtl/cyclone_10_s/williams_pll.qip
set_global_assignment -name QIP_FILE ../../rtl/cyclone_10_s/MPU_RAM.qip
set_global_assignment -name VHDL_FILE ../../rtl/sound/WISOF.vhd
set_global_assignment -name QIP_FILE ../../rtl/cyclone_10_s/SB_ROM.qip
set_global_assignment -name VHDL_FILE local/peak_filter.vhd
set_global_assignment -name SDC_FILE WillFA7.sdc
set_global_assignment -name VHDL_FILE local/one_pulse_only.vhd
set_global_assignment -name VHDL_FILE local/count_to_zero.vhd
set_global_assignment -name VHDL_FILE local/irq_generator.vhd
set_global_assignment -name VHDL_FILE local/spec_sol_trigger.vhd
set_global_assignment -name VHDL_FILE local/detect_sw.vhd
set_global_assignment -name VHDL_FILE local/byte_to_decimal.vhd
set_global_assignment -name VHDL_FILE local/boot_message.vhd
set_global_assignment -name VHDL_FILE local/EEprom.vhd
set_global_assignment -name VHDL_FILE local/SPI_Master.vhd
set_global_assignment -name VHDL_FILE local/SD_Card.vhd
set_global_assignment -name VHDL_FILE local/read_the_dips.vhd
set_global_assignment -name VHDL_FILE local/slow_to_fast_clock.vhd
set_global_assignment -name VHDL_FILE local/flipflops.vhd
set_global_assignment -name QIP_FILE local/R5101.qip
set_global_assignment -name VHDL_FILE local/pia6821.vhd
set_global_assignment -name VHDL_FILE local/cpu68.vhd
set_global_assignment -name VHDL_FILE local/cpu_clk_gen.vhd
set_global_assignment -name VHDL_FILE WillFA7.vhd
set_global_assignment -name QIP_FILE local/ram.qip
set_global_assignment -name QIP_FILE local/rom_2K.qip
set_global_assignment -name EDA_GENERATE_FUNCTIONAL_NETLIST OFF -section_id eda_board_design_timing
set_global_assignment -name EDA_GENERATE_FUNCTIONAL_NETLIST OFF -section_id eda_board_design_symbol
set_global_assignment -name EDA_GENERATE_FUNCTIONAL_NETLIST OFF -section_id eda_board_design_signal_integrity
set_global_assignment -name EDA_GENERATE_FUNCTIONAL_NETLIST OFF -section_id eda_board_design_boundary_scan
set_instance_assignment -name PARTITION_HIERARCHY root_partition -to | -section_id Top